// !$*UTF8*$!
{
	archiveVersion = 1;
	classes = {
	};
	objectVersion = 46;
	objects = {

/* Begin PBXBuildFile section */
		21C448615699AF78FE5F2B45 /* Pods_Twitter.framework in Frameworks */ = {isa = PBXBuildFile; fileRef = 3D1768ED7891DC05BA25F8E9 /* Pods_Twitter.framework */; };
		B88FC4541CA52D18006C6F9E /* AppDelegate.swift in Sources */ = {isa = PBXBuildFile; fileRef = B88FC4531CA52D18006C6F9E /* AppDelegate.swift */; };
		B88FC4561CA52D18006C6F9E /* LoginViewController.swift in Sources */ = {isa = PBXBuildFile; fileRef = B88FC4551CA52D18006C6F9E /* LoginViewController.swift */; };
		B88FC4591CA52D18006C6F9E /* Main.storyboard in Resources */ = {isa = PBXBuildFile; fileRef = B88FC4571CA52D18006C6F9E /* Main.storyboard */; };
		B88FC45B1CA52D18006C6F9E /* Assets.xcassets in Resources */ = {isa = PBXBuildFile; fileRef = B88FC45A1CA52D18006C6F9E /* Assets.xcassets */; };
		B88FC46A1CA53FF8006C6F9E /* User.swift in Sources */ = {isa = PBXBuildFile; fileRef = B88FC4691CA53FF8006C6F9E /* User.swift */; };
		B88FC46C1CA54004006C6F9E /* Tweet.swift in Sources */ = {isa = PBXBuildFile; fileRef = B88FC46B1CA54004006C6F9E /* Tweet.swift */; };
		B89CCA121CA7F34C00FEAB86 /* PostTweetViewController.swift in Sources */ = {isa = PBXBuildFile; fileRef = B89CCA111CA7F34C00FEAB86 /* PostTweetViewController.swift */; };
		B89CCA141CA8125600FEAB86 /* InfiniteScrollActivityView.swift in Sources */ = {isa = PBXBuildFile; fileRef = B89CCA131CA8125600FEAB86 /* InfiniteScrollActivityView.swift */; };
		B8E8A4DD1CA7B49100BD32BD /* Media.swift in Sources */ = {isa = PBXBuildFile; fileRef = B8E8A4DC1CA7B49100BD32BD /* Media.swift */; };
		B8E8A4DF1CA7C1AE00BD32BD /* TweetViewController.swift in Sources */ = {isa = PBXBuildFile; fileRef = B8E8A4DE1CA7C1AE00BD32BD /* TweetViewController.swift */; };
		B8E92ECB1CA544D200832279 /* TwitterClient.swift in Sources */ = {isa = PBXBuildFile; fileRef = B8E92ECA1CA544D200832279 /* TwitterClient.swift */; };
		B8E92ECD1CA5692100832279 /* ViewUtils.swift in Sources */ = {isa = PBXBuildFile; fileRef = B8E92ECC1CA5692100832279 /* ViewUtils.swift */; };
		B8E92ECF1CA5714400832279 /* TweetsViewController.swift in Sources */ = {isa = PBXBuildFile; fileRef = B8E92ECE1CA5714400832279 /* TweetsViewController.swift */; };
		B8E92ED11CA571ED00832279 /* TweetCell.swift in Sources */ = {isa = PBXBuildFile; fileRef = B8E92ED01CA571ED00832279 /* TweetCell.swift */; };
/* End PBXBuildFile section */

/* Begin PBXFileReference section */
		3D1768ED7891DC05BA25F8E9 /* Pods_Twitter.framework */ = {isa = PBXFileReference; explicitFileType = wrapper.framework; includeInIndex = 0; path = Pods_Twitter.framework; sourceTree = BUILT_PRODUCTS_DIR; };
		B88FC4501CA52D18006C6F9E /* Twitter.app */ = {isa = PBXFileReference; explicitFileType = wrapper.application; includeInIndex = 0; path = Twitter.app; sourceTree = BUILT_PRODUCTS_DIR; };
		B88FC4531CA52D18006C6F9E /* AppDelegate.swift */ = {isa = PBXFileReference; lastKnownFileType = sourcecode.swift; path = AppDelegate.swift; sourceTree = "<group>"; };
		B88FC4551CA52D18006C6F9E /* LoginViewController.swift */ = {isa = PBXFileReference; lastKnownFileType = sourcecode.swift; path = LoginViewController.swift; sourceTree = "<group>"; };
		B88FC4581CA52D18006C6F9E /* Base */ = {isa = PBXFileReference; lastKnownFileType = file.storyboard; name = Base; path = Base.lproj/Main.storyboard; sourceTree = "<group>"; };
		B88FC45A1CA52D18006C6F9E /* Assets.xcassets */ = {isa = PBXFileReference; lastKnownFileType = folder.assetcatalog; path = Assets.xcassets; sourceTree = "<group>"; };
		B88FC45F1CA52D18006C6F9E /* Info.plist */ = {isa = PBXFileReference; lastKnownFileType = text.plist.xml; path = Info.plist; sourceTree = "<group>"; };
		B88FC4691CA53FF8006C6F9E /* User.swift */ = {isa = PBXFileReference; fileEncoding = 4; lastKnownFileType = sourcecode.swift; path = User.swift; sourceTree = "<group>"; };
		B88FC46B1CA54004006C6F9E /* Tweet.swift */ = {isa = PBXFileReference; fileEncoding = 4; lastKnownFileType = sourcecode.swift; path = Tweet.swift; sourceTree = "<group>"; };
		B89CCA111CA7F34C00FEAB86 /* PostTweetViewController.swift */ = {isa = PBXFileReference; fileEncoding = 4; lastKnownFileType = sourcecode.swift; path = PostTweetViewController.swift; sourceTree = "<group>"; };
		B89CCA131CA8125600FEAB86 /* InfiniteScrollActivityView.swift */ = {isa = PBXFileReference; fileEncoding = 4; lastKnownFileType = sourcecode.swift; path = InfiniteScrollActivityView.swift; sourceTree = "<group>"; };
		B8E8A4DC1CA7B49100BD32BD /* Media.swift */ = {isa = PBXFileReference; fileEncoding = 4; lastKnownFileType = sourcecode.swift; path = Media.swift; sourceTree = "<group>"; };
		B8E8A4DE1CA7C1AE00BD32BD /* TweetViewController.swift */ = {isa = PBXFileReference; fileEncoding = 4; lastKnownFileType = sourcecode.swift; path = TweetViewController.swift; sourceTree = "<group>"; };
		B8E92ECA1CA544D200832279 /* TwitterClient.swift */ = {isa = PBXFileReference; fileEncoding = 4; lastKnownFileType = sourcecode.swift; path = TwitterClient.swift; sourceTree = "<group>"; };
		B8E92ECC1CA5692100832279 /* ViewUtils.swift */ = {isa = PBXFileReference; fileEncoding = 4; lastKnownFileType = sourcecode.swift; path = ViewUtils.swift; sourceTree = "<group>"; };
		B8E92ECE1CA5714400832279 /* TweetsViewController.swift */ = {isa = PBXFileReference; fileEncoding = 4; lastKnownFileType = sourcecode.swift; path = TweetsViewController.swift; sourceTree = "<group>"; };
		B8E92ED01CA571ED00832279 /* TweetCell.swift */ = {isa = PBXFileReference; fileEncoding = 4; lastKnownFileType = sourcecode.swift; path = TweetCell.swift; sourceTree = "<group>"; };
		D2A790B9C42D2245D58DCE56 /* Pods-Twitter.release.xcconfig */ = {isa = PBXFileReference; includeInIndex = 1; lastKnownFileType = text.xcconfig; name = "Pods-Twitter.release.xcconfig"; path = "Pods/Target Support Files/Pods-Twitter/Pods-Twitter.release.xcconfig"; sourceTree = "<group>"; };
		E726BE3584A8A7847EAE21DC /* Pods-Twitter.debug.xcconfig */ = {isa = PBXFileReference; includeInIndex = 1; lastKnownFileType = text.xcconfig; name = "Pods-Twitter.debug.xcconfig"; path = "Pods/Target Support Files/Pods-Twitter/Pods-Twitter.debug.xcconfig"; sourceTree = "<group>"; };
/* End PBXFileReference section */

/* Begin PBXFrameworksBuildPhase section */
		B88FC44D1CA52D18006C6F9E /* Frameworks */ = {
			isa = PBXFrameworksBuildPhase;
			buildActionMask = 2147483647;
			files = (
				21C448615699AF78FE5F2B45 /* Pods_Twitter.framework in Frameworks */,
			);
			runOnlyForDeploymentPostprocessing = 0;
		};
/* End PBXFrameworksBuildPhase section */

/* Begin PBXGroup section */
		6D0811F4CDB4A9577DF22B7C /* Pods */ = {
			isa = PBXGroup;
			children = (
				E726BE3584A8A7847EAE21DC /* Pods-Twitter.debug.xcconfig */,
				D2A790B9C42D2245D58DCE56 /* Pods-Twitter.release.xcconfig */,
			);
			name = Pods;
			sourceTree = "<group>";
		};
		B88FC4471CA52D18006C6F9E = {
			isa = PBXGroup;
			children = (
				B88FC4521CA52D18006C6F9E /* Twitter */,
				B88FC4511CA52D18006C6F9E /* Products */,
				6D0811F4CDB4A9577DF22B7C /* Pods */,
				FF919DB61362D2E35A9F9D42 /* Frameworks */,
			);
			sourceTree = "<group>";
		};
		B88FC4511CA52D18006C6F9E /* Products */ = {
			isa = PBXGroup;
			children = (
				B88FC4501CA52D18006C6F9E /* Twitter.app */,
			);
			name = Products;
			sourceTree = "<group>";
		};
		B88FC4521CA52D18006C6F9E /* Twitter */ = {
			isa = PBXGroup;
			children = (
				B88FC4681CA53FD7006C6F9E /* API */,
				B88FC4671CA53FC4006C6F9E /* Models */,
				B88FC4661CA53FB7006C6F9E /* Views */,
				B88FC4651CA53097006C6F9E /* View Controllers */,
				B88FC4531CA52D18006C6F9E /* AppDelegate.swift */,
				B88FC4571CA52D18006C6F9E /* Main.storyboard */,
				B88FC45A1CA52D18006C6F9E /* Assets.xcassets */,
				B88FC45F1CA52D18006C6F9E /* Info.plist */,
			);
			path = Twitter;
			sourceTree = "<group>";
		};
		B88FC4651CA53097006C6F9E /* View Controllers */ = {
			isa = PBXGroup;
			children = (
				B88FC4551CA52D18006C6F9E /* LoginViewController.swift */,
				B8E92ECE1CA5714400832279 /* TweetsViewController.swift */,
				B8E8A4DE1CA7C1AE00BD32BD /* TweetViewController.swift */,
				B89CCA111CA7F34C00FEAB86 /* PostTweetViewController.swift */,
			);
			name = "View Controllers";
			sourceTree = "<group>";
		};
		B88FC4661CA53FB7006C6F9E /* Views */ = {
			isa = PBXGroup;
			children = (
				B8E92ECC1CA5692100832279 /* ViewUtils.swift */,
				B8E92ED01CA571ED00832279 /* TweetCell.swift */,
				B89CCA131CA8125600FEAB86 /* InfiniteScrollActivityView.swift */,
			);
			name = Views;
			sourceTree = "<group>";
		};
		B88FC4671CA53FC4006C6F9E /* Models */ = {
			isa = PBXGroup;
			children = (
				B88FC4691CA53FF8006C6F9E /* User.swift */,
				B88FC46B1CA54004006C6F9E /* Tweet.swift */,
				B8E8A4DC1CA7B49100BD32BD /* Media.swift */,
			);
			name = Models;
			sourceTree = "<group>";
		};
		B88FC4681CA53FD7006C6F9E /* API */ = {
			isa = PBXGroup;
			children = (
				B8E92ECA1CA544D200832279 /* TwitterClient.swift */,
			);
			name = API;
			sourceTree = "<group>";
		};
		FF919DB61362D2E35A9F9D42 /* Frameworks */ = {
			isa = PBXGroup;
			children = (
				3D1768ED7891DC05BA25F8E9 /* Pods_Twitter.framework */,
			);
			name = Frameworks;
			sourceTree = "<group>";
		};
/* End PBXGroup section */

/* Begin PBXNativeTarget section */
		B88FC44F1CA52D18006C6F9E /* Twitter */ = {
			isa = PBXNativeTarget;
			buildConfigurationList = B88FC4621CA52D18006C6F9E /* Build configuration list for PBXNativeTarget "Twitter" */;
			buildPhases = (
				172A495D1FA1B6AFBF7D325A /* Check Pods Manifest.lock */,
				B88FC44C1CA52D18006C6F9E /* Sources */,
				B88FC44D1CA52D18006C6F9E /* Frameworks */,
				B88FC44E1CA52D18006C6F9E /* Resources */,
				AE1561A360915D5DBEFA88F3 /* Embed Pods Frameworks */,
				4B07120AAC979C89650F62CF /* Copy Pods Resources */,
			);
			buildRules = (
			);
			dependencies = (
			);
			name = Twitter;
			productName = Twitter;
			productReference = B88FC4501CA52D18006C6F9E /* Twitter.app */;
			productType = "com.apple.product-type.application";
		};
/* End PBXNativeTarget section */

/* Begin PBXProject section */
		B88FC4481CA52D18006C6F9E /* Project object */ = {
			isa = PBXProject;
			attributes = {
				LastSwiftUpdateCheck = 0730;
				LastUpgradeCheck = 0730;
				ORGANIZATIONNAME = "Hieu Rocker";
				TargetAttributes = {
					B88FC44F1CA52D18006C6F9E = {
						CreatedOnToolsVersion = 7.3;
					};
				};
			};
			buildConfigurationList = B88FC44B1CA52D18006C6F9E /* Build configuration list for PBXProject "Twitter" */;
			compatibilityVersion = "Xcode 3.2";
			developmentRegion = English;
			hasScannedForEncodings = 0;
			knownRegions = (
				en,
				Base,
			);
			mainGroup = B88FC4471CA52D18006C6F9E;
			productRefGroup = B88FC4511CA52D18006C6F9E /* Products */;
			projectDirPath = "";
			projectRoot = "";
			targets = (
				B88FC44F1CA52D18006C6F9E /* Twitter */,
			);
		};
/* End PBXProject section */

/* Begin PBXResourcesBuildPhase section */
		B88FC44E1CA52D18006C6F9E /* Resources */ = {
			isa = PBXResourcesBuildPhase;
			buildActionMask = 2147483647;
			files = (
				B88FC45B1CA52D18006C6F9E /* Assets.xcassets in Resources */,
				B88FC4591CA52D18006C6F9E /* Main.storyboard in Resources */,
			);
			runOnlyForDeploymentPostprocessing = 0;
		};
/* End PBXResourcesBuildPhase section */

/* Begin PBXShellScriptBuildPhase section */
		172A495D1FA1B6AFBF7D325A /* Check Pods Manifest.lock */ = {
			isa = PBXShellScriptBuildPhase;
			buildActionMask = 2147483647;
			files = (
			);
			inputPaths = (
			);
			name = "Check Pods Manifest.lock";
			outputPaths = (
			);
			runOnlyForDeploymentPostprocessing = 0;
			shellPath = /bin/sh;
			shellScript = "diff \"${PODS_ROOT}/../Podfile.lock\" \"${PODS_ROOT}/Manifest.lock\" > /dev/null\nif [[ $? != 0 ]] ; then\n    cat << EOM\nerror: The sandbox is not in sync with the Podfile.lock. Run 'pod install' or update your CocoaPods installation.\nEOM\n    exit 1\nfi\n";
			showEnvVarsInLog = 0;
		};
		4B07120AAC979C89650F62CF /* Copy Pods Resources */ = {
			isa = PBXShellScriptBuildPhase;
			buildActionMask = 2147483647;
			files = (
			);
			inputPaths = (
			);
			name = "Copy Pods Resources";
			outputPaths = (
			);
			runOnlyForDeploymentPostprocessing = 0;
			shellPath = /bin/sh;
			shellScript = "\"${SRCROOT}/Pods/Target Support Files/Pods-Twitter/Pods-Twitter-resources.sh\"\n";
			showEnvVarsInLog = 0;
		};
		AE1561A360915D5DBEFA88F3 /* Embed Pods Frameworks */ = {
			isa = PBXShellScriptBuildPhase;
			buildActionMask = 2147483647;
			files = (
			);
			inputPaths = (
			);
			name = "Embed Pods Frameworks";
			outputPaths = (
			);
			runOnlyForDeploymentPostprocessing = 0;
			shellPath = /bin/sh;
			shellScript = "\"${SRCROOT}/Pods/Target Support Files/Pods-Twitter/Pods-Twitter-frameworks.sh\"\n";
			showEnvVarsInLog = 0;
		};
/* End PBXShellScriptBuildPhase section */

/* Begin PBXSourcesBuildPhase section */
		B88FC44C1CA52D18006C6F9E /* Sources */ = {
			isa = PBXSourcesBuildPhase;
			buildActionMask = 2147483647;
			files = (
				B89CCA141CA8125600FEAB86 /* InfiniteScrollActivityView.swift in Sources */,
				B8E92ECB1CA544D200832279 /* TwitterClient.swift in Sources */,
				B88FC4561CA52D18006C6F9E /* LoginViewController.swift in Sources */,
				B8E8A4DF1CA7C1AE00BD32BD /* TweetViewController.swift in Sources */,
				B8E92ECD1CA5692100832279 /* ViewUtils.swift in Sources */,
				B8E92ED11CA571ED00832279 /* TweetCell.swift in Sources */,
				B88FC4541CA52D18006C6F9E /* AppDelegate.swift in Sources */,
				B8E8A4DD1CA7B49100BD32BD /* Media.swift in Sources */,
				B89CCA121CA7F34C00FEAB86 /* PostTweetViewController.swift in Sources */,
				B8E92ECF1CA5714400832279 /* TweetsViewController.swift in Sources */,
				B88FC46A1CA53FF8006C6F9E /* User.swift in Sources */,
				B88FC46C1CA54004006C6F9E /* Tweet.swift in Sources */,
			);
			runOnlyForDeploymentPostprocessing = 0;
		};
/* End PBXSourcesBuildPhase section */

/* Begin PBXVariantGroup section */
		B88FC4571CA52D18006C6F9E /* Main.storyboard */ = {
			isa = PBXVariantGroup;
			children = (
				B88FC4581CA52D18006C6F9E /* Base */,
			);
			name = Main.storyboard;
			sourceTree = "<group>";
		};
/* End PBXVariantGroup section */

/* Begin XCBuildConfiguration section */
		B88FC4601CA52D18006C6F9E /* Debug */ = {
			isa = XCBuildConfiguration;
			buildSettings = {
				ALWAYS_SEARCH_USER_PATHS = NO;
				CLANG_ANALYZER_NONNULL = YES;
				CLANG_CXX_LANGUAGE_STANDARD = "gnu++0x";
				CLANG_CXX_LIBRARY = "libc++";
				CLANG_ENABLE_MODULES = YES;
				CLANG_ENABLE_OBJC_ARC = YES;
				CLANG_WARN_BOOL_CONVERSION = YES;
				CLANG_WARN_CONSTANT_CONVERSION = YES;
				CLANG_WARN_DIRECT_OBJC_ISA_USAGE = YES_ERROR;
				CLANG_WARN_EMPTY_BODY = YES;
				CLANG_WARN_ENUM_CONVERSION = YES;
				CLANG_WARN_INT_CONVERSION = YES;
				CLANG_WARN_OBJC_ROOT_CLASS = YES_ERROR;
				CLANG_WARN_UNREACHABLE_CODE = YES;
				CLANG_WARN__DUPLICATE_METHOD_MATCH = YES;
				"CODE_SIGN_IDENTITY[sdk=iphoneos*]" = "iPhone Developer";
				COPY_PHASE_STRIP = NO;
				DEBUG_INFORMATION_FORMAT = dwarf;
				ENABLE_STRICT_OBJC_MSGSEND = YES;
				ENABLE_TESTABILITY = YES;
				GCC_C_LANGUAGE_STANDARD = gnu99;
				GCC_DYNAMIC_NO_PIC = NO;
				GCC_NO_COMMON_BLOCKS = YES;
				GCC_OPTIMIZATION_LEVEL = 0;
				GCC_PREPROCESSOR_DEFINITIONS = (
					"DEBUG=1",
					"$(inherited)",
				);
				GCC_WARN_64_TO_32_BIT_CONVERSION = YES;
				GCC_WARN_ABOUT_RETURN_TYPE = YES_ERROR;
				GCC_WARN_UNDECLARED_SELECTOR = YES;
				GCC_WARN_UNINITIALIZED_AUTOS = YES_AGGRESSIVE;
				GCC_WARN_UNUSED_FUNCTION = YES;
				GCC_WARN_UNUSED_VARIABLE = YES;
				IPHONEOS_DEPLOYMENT_TARGET = 9.3;
				MTL_ENABLE_DEBUG_INFO = YES;
				ONLY_ACTIVE_ARCH = YES;
				SDKROOT = iphoneos;
				SWIFT_OPTIMIZATION_LEVEL = "-Onone";
			};
			name = Debug;
		};
		B88FC4611CA52D18006C6F9E /* Release */ = {
			isa = XCBuildConfiguration;
			buildSettings = {
				ALWAYS_SEARCH_USER_PATHS = NO;
				CLANG_ANALYZER_NONNULL = YES;
				CLANG_CXX_LANGUAGE_STANDARD = "gnu++0x";
				CLANG_CXX_LIBRARY = "libc++";
				CLANG_ENABLE_MODULES = YES;
				CLANG_ENABLE_OBJC_ARC = YES;
				CLANG_WARN_BOOL_CONVERSION = YES;
				CLANG_WARN_CONSTANT_CONVERSION = YES;
				CLANG_WARN_DIRECT_OBJC_ISA_USAGE = YES_ERROR;
				CLANG_WARN_EMPTY_BODY = YES;
				CLANG_WARN_ENUM_CONVERSION = YES;
				CLANG_WARN_INT_CONVERSION = YES;
				CLANG_WARN_OBJC_ROOT_CLASS = YES_ERROR;
				CLANG_WARN_UNREACHABLE_CODE = YES;
				CLANG_WARN__DUPLICATE_METHOD_MATCH = YES;
				"CODE_SIGN_IDENTITY[sdk=iphoneos*]" = "iPhone Developer";
				COPY_PHASE_STRIP = NO;
				DEBUG_INFORMATION_FORMAT = "dwarf-with-dsym";
				ENABLE_NS_ASSERTIONS = NO;
				ENABLE_STRICT_OBJC_MSGSEND = YES;
				GCC_C_LANGUAGE_STANDARD = gnu99;
				GCC_NO_COMMON_BLOCKS = YES;
				GCC_WARN_64_TO_32_BIT_CONVERSION = YES;
				GCC_WARN_ABOUT_RETURN_TYPE = YES_ERROR;
				GCC_WARN_UNDECLARED_SELECTOR = YES;
				GCC_WARN_UNINITIALIZED_AUTOS = YES_AGGRESSIVE;
				GCC_WARN_UNUSED_FUNCTION = YES;
				GCC_WARN_UNUSED_VARIABLE = YES;
				IPHONEOS_DEPLOYMENT_TARGET = 9.3;
				MTL_ENABLE_DEBUG_INFO = NO;
				SDKROOT = iphoneos;
				VALIDATE_PRODUCT = YES;
			};
			name = Release;
		};
		B88FC4631CA52D18006C6F9E /* Debug */ = {
			isa = XCBuildConfiguration;
			baseConfigurationReference = E726BE3584A8A7847EAE21DC /* Pods-Twitter.debug.xcconfig */;
			buildSettings = {
				ASSETCATALOG_COMPILER_APPICON_NAME = AppIcon;
				INFOPLIST_FILE = Twitter/Info.plist;
				LD_RUNPATH_SEARCH_PATHS = "$(inherited) @executable_path/Frameworks";
				PRODUCT_BUNDLE_IDENTIFIER = io.github.rockerhieu.Twitter;
				PRODUCT_NAME = "$(TARGET_NAME)";
				SWIFT_OBJC_BRIDGING_HEADER = "";
			};
			name = Debug;
		};
		B88FC4641CA52D18006C6F9E /* Release */ = {
			isa = XCBuildConfiguration;
			baseConfigurationReference = D2A790B9C42D2245D58DCE56 /* Pods-Twitter.release.xcconfig */;
			buildSettings = {
				ASSETCATALOG_COMPILER_APPICON_NAME = AppIcon;
				INFOPLIST_FILE = Twitter/Info.plist;
				LD_RUNPATH_SEARCH_PATHS = "$(inherited) @executable_path/Frameworks";
				PRODUCT_BUNDLE_IDENTIFIER = io.github.rockerhieu.Twitter;
				PRODUCT_NAME = "$(TARGET_NAME)";
				SWIFT_OBJC_BRIDGING_HEADER = "";
			};
			name = Release;
		};
/* End XCBuildConfiguration section */

/* Begin XCConfigurationList section */
		B88FC44B1CA52D18006C6F9E /* Build configuration list for PBXProject "Twitter" */ = {
			isa = XCConfigurationList;
			buildConfigurations = (
				B88FC4601CA52D18006C6F9E /* Debug */,
				B88FC4611CA52D18006C6F9E /* Release */,
			);
			defaultConfigurationIsVisible = 0;
			defaultConfigurationName = Release;
		};
		B88FC4621CA52D18006C6F9E /* Build configuration list for PBXNativeTarget "Twitter" */ = {
			isa = XCConfigurationList;
			buildConfigurations = (
				B88FC4631CA52D18006C6F9E /* Debug */,
				B88FC4641CA52D18006C6F9E /* Release */,
			);
			defaultConfigurationIsVisible = 0;
			defaultConfigurationName = Release;
		};
/* End XCConfigurationList section */
	};
	rootObject = B88FC4481CA52D18006C6F9E /* Project object */;
}
